schema: '2.0'
stages:
  prepare_kepler_eb_data:
    cmd: python scripts/real/prepare_kepler_eb_data.py
    deps:
    - path: data/raw/Kepler_Confirmed_EB.csv
      hash: md5
      md5: d893148bc80b969fb64d620b4f98eba0
      size: 97900
    - path: scripts/real/prepare_kepler_eb_data.py
      hash: md5
      md5: 5bf3e8fb749176cf64d3dcfea022fdd7
      size: 2572
    params:
      configs/data_process_params.yaml:
        eb_input_file: 
          /Users/aaryanthusoo/Desktop/UCL/CNN_Exoplanets/data/raw/Kepler_Confirmed_EB.csv
        eb_output_folder: 
          /Users/aaryanthusoo/Desktop/UCL/CNN_Exoplanets/data/processed/eb_data
        eb_skipped_rows: 0
    outs:
    - path: data/processed/eb_data
      hash: md5
      md5: 03fa4f97ecf3d5d5e65e05b34cceff76.dir
      size: 886361062
      nfiles: 16
  prepare_kepler_exo_data:
    cmd: python scripts/real/prepare_kepler_exo_data.py
    deps:
    - path: data/raw/Kepler_Confirmed_ExoPlanets.csv
      hash: md5
      md5: 4b6d6fc3d42227b100f7078028e36583
      size: 112347
    - path: scripts/real/prepare_kepler_exo_data.py
      hash: md5
      md5: 5af3fc4915e76cea347db0495861d13e
      size: 2316
    params:
      configs/data_process_params.yaml:
        exo_input_file: 
          /Users/aaryanthusoo/Desktop/UCL/CNN_Exoplanets/data/raw/Kepler_Confirmed_ExoPlanets.csv
        exo_output_folder: 
          /Users/aaryanthusoo/Desktop/UCL/CNN_Exoplanets/data/processed/exo_data
        exo_skipped_rows: 0
    outs:
    - path: data/processed/exo_data
      hash: md5
      md5: 4553562f6de74b5bfa9f958986ccae39.dir
      size: 851082626
      nfiles: 11
  organize_data:
    cmd: python scripts/real/organize_data.py
    deps:
    - path: data/processed/eb_data
      hash: md5
      md5: 03fa4f97ecf3d5d5e65e05b34cceff76.dir
      size: 886361062
      nfiles: 16
    - path: data/processed/exo_data
      hash: md5
      md5: 4553562f6de74b5bfa9f958986ccae39.dir
      size: 851082626
      nfiles: 11
    - path: scripts/helpers/temp_help_name.py
      hash: md5
      md5: 8eebb2f6f90377ff43bda1fd084dff11
      size: 2797
    - path: scripts/helpers/yaml_reading.py
      hash: md5
      md5: 51ca3f50ea74abfc26eda804de6a5624
      size: 319
    - path: scripts/real/organize_data.py
      hash: md5
      md5: 21d2341f396478938166b768a42eba7e
      size: 6166
    params:
      configs/data_process_params.yaml:
        organize_seed: 42
        organize_train_ratio: 0.8
        organize_val_test_ratio: 0.1
    outs:
    - path: data/real_model/test.npz
      hash: md5
      md5: a230553b316b2d32567905f581f30875
      size: 28349878
    - path: data/real_model/train.npz
      hash: md5
      md5: 01e10b7b304e204522733cfae5ae939d
      size: 231615606
    - path: data/real_model/val.npz
      hash: md5
      md5: 391421e4b1a88ff8251b655ed5e49a5e
      size: 29360415
  train_real_cnn:
    cmd: python scripts/real/train_real_cnn.py
    deps:
    - path: data/real_model/train.npz
      hash: md5
      md5: 01e10b7b304e204522733cfae5ae939d
      size: 231615606
    - path: data/real_model/val.npz
      hash: md5
      md5: 391421e4b1a88ff8251b655ed5e49a5e
      size: 29360415
    - path: scripts/real/train_real_cnn.py
      hash: md5
      md5: 5d42f9876b7a6a6b976e1ff01c97b65e
      size: 4425
    params:
      configs/real_cnn_params.yaml:
        cnn_layers:
        - type: conv1d
          channels: 32
          kernel_size: 7
          padding: same
        - type: batch_norm
        - type: activation
          activation: relu
        - type: max_pooling1d
          pool_size: 2
        - type: dropout
          rate: 0.2
        - type: conv1d
          channels: 64
          kernel_size: 7
          padding: same
        - type: batch_norm
        - type: activation
          activation: relu
        - type: max_pooling1d
          pool_size: 2
        - type: dropout
          rate: 0.2
        - type: conv1d
          channels: 128
          kernel_size: 5
          padding: same
        - type: max_pooling1d
          pool_size: 2
        - type: global_max_pooling1d
        - type: dense
          units: 32
          activation: relu
        - type: dropout
          rate: 0.3
        - type: dense
          units: 1
          activation: sigmoid
        training_and_compiling:
          epochs: 10
          batch_size: 32
          learning_rate: 0.0005
          weight_decay: 0.0001
          loss: binary_crossentropy
          metrics:
          - accuracy
    outs:
    - path: models/real_model.keras
      hash: md5
      md5: bd47ef10c1975b5789c4d4af1128febd
      size: 789999
    - path: results/real_metrics.json
      hash: md5
      md5: bc67d3af64c7a5c685e88e61f2c6464a
      size: 176
    - path: results/training_history.json
      hash: md5
      md5: 81b69d893dc06587fc9ed773ede762d7
      size: 1052
  evaluate_real_cnn:
    cmd: python scripts/real/real_cnn_model_evaluation.py
    deps:
    - path: data/real_model/test.npz
      hash: md5
      md5: a230553b316b2d32567905f581f30875
      size: 28349878
    - path: models/real_model.keras
      hash: md5
      md5: bd47ef10c1975b5789c4d4af1128febd
      size: 789999
    - path: results/training_history.json
      hash: md5
      md5: 81b69d893dc06587fc9ed773ede762d7
      size: 1052
    - path: scripts/real/real_cnn_model_evaluation.py
      hash: md5
      md5: 103cbfcd50dee73ca8cb712a6b92b733
      size: 11203
    params:
      configs/evaluation_params.yaml:
        threshold: 0.5
    outs:
    - path: results/evaluation.json
      hash: md5
      md5: 54c9e8bc2e034234eb304ecec70c0ec1
      size: 164
    - path: results/misclassified_results/misclassified_lightcurves.npz
      hash: md5
      md5: e93ecd8ada3a04fc30d6bd49169f007a
      size: 3515894
    - path: results/plots/confidence_correct_vs_incorrect.png
      hash: md5
      md5: b5dbf64263b2652af888932d438aa9f2
      size: 54787
    - path: results/plots/confidence_histogram.png
      hash: md5
      md5: 844232d069bf7b452eba8a4c0def16ad
      size: 46250
    - path: results/plots/confusion_matrix.png
      hash: md5
      md5: a76d567cf2a4847762b3a60814d2e072
      size: 81335
    - path: results/plots/training_accuracy_history.png
      hash: md5
      md5: d1ffe4a136ef12e1d0bec0d5d6f7eccb
      size: 32294
    - path: results/plots/training_loss_history.png
      hash: md5
      md5: cb0154863ce72de345ddb4265e506bac
      size: 34864
    - path: results/test_predictions.csv
      hash: md5
      md5: b630209e21954e5a3d52149a3d698d2b
      size: 65255
  misclassified_report:
    cmd: python scripts/real/misclassified_report.py
    deps:
    - path: results/misclassified_results/misclassified_lightcurves.npz
      hash: md5
      md5: e93ecd8ada3a04fc30d6bd49169f007a
      size: 3515894
    - path: scripts/real/misclassified_report.py
      hash: md5
      md5: 35935fdf3f42af7151e23e3b27e32268
      size: 7534
    outs:
    - path: results/misclassified_results/false_negative_high_confidence.html
      hash: md5
      md5: 093acaa417d0cec3af04d7f701f264e1
      size: 5551177
    - path: results/misclassified_results/false_positive_high_confidence.html
      hash: md5
      md5: bae5a0c3b532095b4f786474062f82c5
      size: 392790
    - path: results/misclassified_results/misclassified_lightcurves.html
      hash: md5
      md5: d706393264c60604fa604db628e8ed84
      size: 18265520
  query_data:
    cmd: python scripts/real/query_data.py
    deps:
    - path: scripts/helpers/yaml_reading.py
      hash: md5
      md5: 51ca3f50ea74abfc26eda804de6a5624
      size: 319
    - path: scripts/real/query_data.py
      hash: md5
      md5: 04588ae7d579ba4ec71e47b4b5d52f6d
      size: 3437
    params:
      configs/data_process_params.yaml:
        eb_table_cols:
        - kepid
        - koi_disposition
        - koi_model_snr
        - koi_depth
        - koi_period
        kep_query_cols:
        - kepid
        - koi_disposition
        - koi_model_snr
        - koi_depth
        - koi_period
    outs:
    - path: data/raw/Kepler_Confirmed_EB.csv
      hash: md5
      md5: d893148bc80b969fb64d620b4f98eba0
      size: 97900
    - path: data/raw/Kepler_Confirmed_ExoPlanets.csv
      hash: md5
      md5: 4b6d6fc3d42227b100f7078028e36583
      size: 112347
  analyze_misclassified:
    cmd: python scripts/real/analyze_misclassified.py
    deps:
    - path: results/misclassified_results/misclassified_lightcurves.npz
      hash: md5
      md5: e93ecd8ada3a04fc30d6bd49169f007a
      size: 3515894
    - path: scripts/helpers/misclassified_helper.py
      hash: md5
      md5: f9ea0fbbbca7d3c69ee0e1a5b457753a
      size: 4431
    - path: scripts/helpers/yaml_reading.py
      hash: md5
      md5: 51ca3f50ea74abfc26eda804de6a5624
      size: 319
    - path: scripts/real/analyze_misclassified.py
      hash: md5
      md5: fc33a228a434d4d9ef9cc7a85b925d18
      size: 5385
    params:
      configs/evaluation_params.yaml:
        plots_info:
        - name: KOI Model SNR
          col: koi_model_snr
          log: true
        - name: Calculated SNR
          col: calculated_SNR
          log: true
        - name: Orbital Period
          col: koi_period
          log: true
    outs:
    - path: results/misclassified_results/fn_distribution_stats.json
      hash: md5
      md5: c293c5955ae6e4a1de8bab6728f8ce8e
      size: 2892
    - path: results/misclassified_results/fp_distribution_stats.json
      hash: md5
      md5: a0781ff6a2c6b2d3d243554f9d54cbcf
      size: 2872
    - path: results/misclassified_results/misclassified_plots
      hash: md5
      md5: ecac06cd27cfdae199fbbe42e1ce20fc.dir
      size: 340712
      nfiles: 12
  analyze_prediction_groups:
    cmd: python scripts/real/analyze_prediction_groups.py
    deps:
    - path: data/raw/Kepler_Confirmed_EB.csv
      hash: md5
      md5: d893148bc80b969fb64d620b4f98eba0
      size: 97900
    - path: data/raw/Kepler_Confirmed_ExoPlanets.csv
      hash: md5
      md5: 4b6d6fc3d42227b100f7078028e36583
      size: 112347
    - path: data/real_model/test.npz
      hash: md5
      md5: a230553b316b2d32567905f581f30875
      size: 28349878
    - path: results/test_predictions.csv
      hash: md5
      md5: b630209e21954e5a3d52149a3d698d2b
      size: 65255
    - path: scripts/helpers/yaml_reading.py
      hash: md5
      md5: 51ca3f50ea74abfc26eda804de6a5624
      size: 319
    - path: scripts/real/analyze_prediction_groups.py
      hash: md5
      md5: 7041e634982e219801361154db147bac
      size: 9122
    params:
      configs/evaluation_params.yaml:
        confidence_bins:
        - 0.5
        - 0.7
        - 0.85
        - 1.0
        confidence_labels:
        - Low
        - Medium
        - High
        snr_group_labels:
        - Low SNR
        - Medium SNR
        - High SNR
        snr_quantile_groups: 3
    outs:
    - path: results/prediction_group_analysis
      hash: md5
      md5: 4dd90e598df33bc5f2496301a2c2ed2c.dir
      size: 913544
      nfiles: 11
