schema: '2.0'
stages:
  prepare_kepler_eb_data:
    cmd: python scripts/prepare_kepler_eb_data.py
    deps:
    - path: data/raw/Kepler_Confirmed_EB.csv
      hash: md5
      md5: e20bbc12b069d548fe929c618dd4e1b4
      size: 86336
    - path: scripts/prepare_kepler_eb_data.py
      hash: md5
      md5: fac351f3f96035f7f8fae079ba769d83
      size: 2875
    params:
      configs/data_process_params.yaml:
        eb_input_file: 
          /Users/aaryanthusoo/Desktop/UCL/CNN_Exoplanets/data/raw/Kepler_Confirmed_EB.csv
        eb_output_folder: 
          /Users/aaryanthusoo/Desktop/UCL/CNN_Exoplanets/data/processed/eb_data
        eb_skipped_rows: 0
        shallow_threshold: 0.99
    outs:
    - path: data/processed/eb_data
      hash: md5
      md5: bf5ee4bb1e24d8c8f0559de357d581f5.dir
      size: 886507374
      nfiles: 16
  prepare_kepler_exo_data:
    cmd: python scripts/prepare_kepler_exo_data.py
    deps:
    - path: data/raw/Kepler_Confirmed_ExoPlanets.csv
      hash: md5
      md5: 8e783079e475d81bcb24afb081f0ed1f
      size: 87191
    - path: scripts/prepare_kepler_exo_data.py
      hash: md5
      md5: abd0245abd457e71c225ca1c26633259
      size: 2324
    params:
      configs/data_process_params.yaml:
        exo_input_file: 
          /Users/aaryanthusoo/Desktop/UCL/CNN_Exoplanets/data/raw/Kepler_Confirmed_ExoPlanets.csv
        exo_output_folder: 
          /Users/aaryanthusoo/Desktop/UCL/CNN_Exoplanets/data/processed/exo_data
        exo_skipped_rows: 0
    outs:
    - path: data/processed/exo_data
      hash: md5
      md5: e145ef51ecab326bb95c998febbb0363.dir
      size: 712066385
      nfiles: 10
  organize_data:
    cmd: python scripts/real/organize_data.py
    deps:
    - path: data/processed/eb_data
      hash: md5
      md5: 03fa4f97ecf3d5d5e65e05b34cceff76.dir
      size: 886361062
      nfiles: 16
    - path: data/processed/exo_data
      hash: md5
      md5: 4553562f6de74b5bfa9f958986ccae39.dir
      size: 851082626
      nfiles: 11
    - path: scripts/helpers/temp_help_name.py
      hash: md5
      md5: 8eebb2f6f90377ff43bda1fd084dff11
      size: 2797
    - path: scripts/helpers/yaml_reading.py
      hash: md5
      md5: 51ca3f50ea74abfc26eda804de6a5624
      size: 319
    - path: scripts/real/organize_data.py
      hash: md5
      md5: a7e5d9e07d3f45599d42361b1b02e1c6
      size: 6251
    params:
      configs/data_process_params.yaml:
        organize_seed: 42
        organize_train_ratio: 0.75
        organize_val_test_ratio: 0.05
    outs:
    - path: data/real_model/test.npz
      hash: md5
      md5: edf85cd27eb18a69f384027332f2a78e
      size: 57710503
    - path: data/real_model/train.npz
      hash: md5
      md5: a75c29f0033d3cdc73cfe12dba516837
      size: 217206208
    - path: data/real_model/val.npz
      hash: md5
      md5: 3d3f761141b0228be6b6720c92fcdcce
      size: 14415032
  train_real_cnn:
    cmd: python scripts/real/train_real_cnn.py
    deps:
    - path: data/real_model/train.npz
      hash: md5
      md5: a75c29f0033d3cdc73cfe12dba516837
      size: 217206208
    - path: data/real_model/val.npz
      hash: md5
      md5: 3d3f761141b0228be6b6720c92fcdcce
      size: 14415032
    - path: scripts/real/train_real_cnn.py
      hash: md5
      md5: 5d42f9876b7a6a6b976e1ff01c97b65e
      size: 4425
    params:
      configs/real_cnn_params.yaml:
        cnn_layers:
        - type: conv1d
          channels: 32
          kernel_size: 7
          padding: same
        - type: batch_norm
        - type: activation
          activation: relu
        - type: max_pooling1d
          pool_size: 2
        - type: dropout
          rate: 0.2
        - type: conv1d
          channels: 64
          kernel_size: 7
          padding: same
        - type: batch_norm
        - type: activation
          activation: relu
        - type: max_pooling1d
          pool_size: 2
        - type: dropout
          rate: 0.2
        - type: global_max_pooling1d
        - type: dense
          units: 32
          activation: relu
        - type: dropout
          rate: 0.3
        - type: dense
          units: 1
          activation: sigmoid
        training_and_compiling:
          epochs: 10
          batch_size: 32
          learning_rate: 0.0005
          weight_decay: 0.0001
          loss: binary_crossentropy
          metrics:
          - accuracy
    outs:
    - path: models/real_model.keras
      hash: md5
      md5: 2da48cceca5f528b23462bd7329a5b25
      size: 265144
    - path: results/real_metrics.json
      hash: md5
      md5: b6474a2e25436df13ee01a5189a04093
      size: 175
    - path: results/training_history.json
      hash: md5
      md5: 505da427ee426596c82138e86d6949f1
      size: 853
  evaluate_real_cnn:
    cmd: python scripts/real/real_cnn_model_evaluation.py
    deps:
    - path: data/real_model/test.npz
      hash: md5
      md5: edf85cd27eb18a69f384027332f2a78e
      size: 57710503
    - path: models/real_model.keras
      hash: md5
      md5: 2da48cceca5f528b23462bd7329a5b25
      size: 265144
    - path: results/training_history.json
      hash: md5
      md5: 505da427ee426596c82138e86d6949f1
      size: 853
    - path: scripts/real/real_cnn_model_evaluation.py
      hash: md5
      md5: 99ee7fc8206cb6306a5e23cf62b2eb0f
      size: 10335
    params:
      configs/evaluation_params.yaml:
        threshold: 0.5
    outs:
    - path: results/evaluation.json
      hash: md5
      md5: 30ff2db6ecd427a5569e6b6411dd2211
      size: 161
    - path: results/misclassified_results/misclassified_lightcurves.npz
      hash: md5
      md5: 00498a30750162dac7241d31623fd60f
      size: 7510885
    - path: results/plots/confidence_correct_vs_incorrect.png
      hash: md5
      md5: ac4d85651c5baef6579b976f26174825
      size: 54031
    - path: results/plots/confidence_histogram.png
      hash: md5
      md5: c65f6386716b473a93b1eeabc3102e08
      size: 44897
    - path: results/plots/confusion_matrix.png
      hash: md5
      md5: f3fab77d2fd4188fbc746431b75d4b6e
      size: 82298
    - path: results/plots/training_accuracy_history.png
      hash: md5
      md5: bda674ca30cd24cf45e7be3aa235bb04
      size: 36335
    - path: results/plots/training_loss_history.png
      hash: md5
      md5: fcc03bc08ffee1a4aca560713f826aba
      size: 32717
  misclassified_report:
    cmd: python scripts/real/misclassified_report.py
    deps:
    - path: results/misclassified_results/misclassified_lightcurves.npz
      hash: md5
      md5: 4de32f8e3ef4e316ea2a7c6e7bba943d
      size: 3629333
    - path: scripts/real/misclassified_report.py
      hash: md5
      md5: 35935fdf3f42af7151e23e3b27e32268
      size: 7534
    outs:
    - path: results/misclassified_results/false_negative_high_confidence.html
      hash: md5
      md5: 0630ee6a0892a8f04ddecd9f6d2a74de
      size: 5361860
    - path: results/misclassified_results/false_positive_high_confidence.html
      hash: md5
      md5: 6a700a68986b45e7a79c16f3535bc974
      size: 1227870
    - path: results/misclassified_results/misclassified_lightcurves.html
      hash: md5
      md5: 349e4cdcac8cf4f46b0ea1174657cbf0
      size: 18533560
  query_data:
    cmd: python scripts/query_data.py
    deps:
    - path: scripts/helpers/yaml_reading.py
      hash: md5
      md5: 51ca3f50ea74abfc26eda804de6a5624
      size: 319
    - path: scripts/query_data.py
      hash: md5
      md5: 057f925e0a39a212014ab4bd669172bc
      size: 3506
    params:
      configs/data_process_params.yaml:
        eb_table_cols:
        - kepid
        - koi_disposition
        - koi_model_snr
        - koi_depth
        - koi_period
        kep_query_cols:
        - kepid
        - koi_disposition
        - koi_model_snr
        - koi_depth
        - koi_period
    outs:
    - path: data/raw/Kepler_Confirmed_EB.csv
      hash: md5
      md5: e20bbc12b069d548fe929c618dd4e1b4
      size: 86336
    - path: data/raw/Kepler_Confirmed_ExoPlanets.csv
      hash: md5
      md5: 8e783079e475d81bcb24afb081f0ed1f
      size: 87191
  analyze_misclassified:
    cmd: python scripts/real/analyze_misclassified.py
    deps:
    - path: results/misclassified_results/misclassified_lightcurves.npz
      hash: md5
      md5: 00498a30750162dac7241d31623fd60f
      size: 7510885
    - path: scripts/helpers/misclassified_helper.py
      hash: md5
      md5: f9ea0fbbbca7d3c69ee0e1a5b457753a
      size: 4431
    - path: scripts/helpers/yaml_reading.py
      hash: md5
      md5: 51ca3f50ea74abfc26eda804de6a5624
      size: 319
    - path: scripts/real/analyze_misclassified.py
      hash: md5
      md5: f6a6867ecef9b8dc6ea4479d5fb218cd
      size: 5580
    params:
      configs/evaluation_params.yaml:
        plots_info:
        - name: KOI Model SNR
          col: koi_model_snr
          log: true
        - name: Calculated SNR
          col: calculated_SNR
          log: true
        - name: Orbital Period
          col: koi_period
          log: true
    outs:
    - path: results/misclassified_results/fn_distribution_stats.json
      hash: md5
      md5: 3a74e47e54db8105ccec95782bf3077c
      size: 2965
    - path: results/misclassified_results/fp_distribution_stats.json
      hash: md5
      md5: 6fb754ada9fff8613d965be1730f5029
      size: 2887
    - path: results/misclassified_results/misclassified_plots
      hash: md5
      md5: 3f247ddf533541b9ebaa64154e1d0ec3.dir
      size: 444530
      nfiles: 12
  analyze_prediction_groups:
    cmd: python scripts/real/analyze_prediction_groups.py
    deps:
    - path: data/raw/Kepler_Confirmed_EB.csv
      hash: md5
      md5: d893148bc80b969fb64d620b4f98eba0
      size: 97900
    - path: data/raw/Kepler_Confirmed_ExoPlanets.csv
      hash: md5
      md5: 4b6d6fc3d42227b100f7078028e36583
      size: 112347
    - path: data/real_model/test.npz
      hash: md5
      md5: a230553b316b2d32567905f581f30875
      size: 28349878
    - path: results/test_predictions.csv
      hash: md5
      md5: b630209e21954e5a3d52149a3d698d2b
      size: 65255
    - path: scripts/helpers/yaml_reading.py
      hash: md5
      md5: 51ca3f50ea74abfc26eda804de6a5624
      size: 319
    - path: scripts/real/analyze_prediction_groups.py
      hash: md5
      md5: f6bede8d9879c975f6defdb62cc143d9
      size: 15523
    params:
      configs/evaluation_params.yaml:
        confidence_bins:
        - 0.5
        - 0.7
        - 0.85
        - 1.0
        confidence_labels:
        - Low
        - Medium
        - High
        snr_group_labels:
        - Low SNR
        - Medium SNR
        - High SNR
        snr_quantile_groups: 3
    outs:
    - path: results/prediction_group_analysis
      hash: md5
      md5: dde36da207fba9bdfc2192a545ec4c10.dir
      size: 1541000
      nfiles: 17
  confidence_group_analysis:
    cmd: python scripts/real/confidence_group_analysis.py
    deps:
    - path: data/raw/Kepler_Confirmed_EB.csv
      hash: md5
      md5: d893148bc80b969fb64d620b4f98eba0
      size: 97900
    - path: data/raw/Kepler_Confirmed_ExoPlanets.csv
      hash: md5
      md5: 4b6d6fc3d42227b100f7078028e36583
      size: 112347
    - path: data/real_model/test.npz
      hash: md5
      md5: edf85cd27eb18a69f384027332f2a78e
      size: 57710503
    - path: models/real_model.keras
      hash: md5
      md5: 2da48cceca5f528b23462bd7329a5b25
      size: 265144
    - path: scripts/helpers/yaml_reading.py
      hash: md5
      md5: 51ca3f50ea74abfc26eda804de6a5624
      size: 319
    - path: scripts/real/confidence_group_analysis.py
      hash: md5
      md5: 1204ae75baf92691a9b129d28e1d306f
      size: 10948
    params:
      configs/evaluation_params.yaml:
        plots_info:
        - name: KOI Model SNR
          col: koi_model_snr
          log: true
        - name: Calculated SNR
          col: calculated_SNR
          log: true
        - name: Orbital Period
          col: koi_period
          log: true
        threshold: 0.5
    outs:
    - path: results/confidence_group_analysis
      hash: md5
      md5: ae4addadfe986457aa3fc7fa255f5888.dir
      size: 1378993
      nfiles: 10
  organize_mc_data:
    cmd: python scripts/multiclass/organize_mc_data.py
    deps:
    - path: data/processed/eb_data
      hash: md5
      md5: bf5ee4bb1e24d8c8f0559de357d581f5.dir
      size: 886507374
      nfiles: 16
    - path: data/processed/exo_data
      hash: md5
      md5: e145ef51ecab326bb95c998febbb0363.dir
      size: 712066385
      nfiles: 10
    - path: scripts/helpers/temp_help_name.py
      hash: md5
      md5: 4c081fec1a08d518c9c68882a7c4d7b2
      size: 3989
    - path: scripts/helpers/yaml_reading.py
      hash: md5
      md5: 51ca3f50ea74abfc26eda804de6a5624
      size: 319
    - path: scripts/multiclass/organize_mc_data.py
      hash: md5
      md5: 18d557e8b84660ff31c44e089c1e2220
      size: 7865
    params:
      configs/data_process_params.yaml:
        organize_seed: 42
        organize_train_ratio: 0.75
        organize_val_test_ratio: 0.05
    outs:
    - path: data/multi_model/test.npz
      hash: md5
      md5: b858afecbec2d61aaf0c4d5bf63a62c4
      size: 44754627
    - path: data/multi_model/train.npz
      hash: md5
      md5: 6ae0bdce1749002bcec2b39739b0c7e7
      size: 168757328
    - path: data/multi_model/val.npz
      hash: md5
      md5: 00de1f236f9c46523fce35156d454a89
      size: 11371333
  train_mc_cnn:
    cmd: python scripts/multiclass/train_mc_cnn.py
    deps:
    - path: data/multi_model/train.npz
      hash: md5
      md5: 6ae0bdce1749002bcec2b39739b0c7e7
      size: 168757328
    - path: data/multi_model/val.npz
      hash: md5
      md5: 00de1f236f9c46523fce35156d454a89
      size: 11371333
    - path: scripts/multiclass/train_mc_cnn.py
      hash: md5
      md5: f60a931cd197702e32d70598167a0faa
      size: 4439
    params:
      configs/mc_cnn_params.yaml:
        cnn_layers:
        - type: conv1d
          channels: 32
          kernel_size: 7
          padding: same
        - type: batch_norm
        - type: activation
          activation: relu
        - type: max_pooling1d
          pool_size: 2
        - type: dropout
          rate: 0.2
        - type: conv1d
          channels: 64
          kernel_size: 7
          padding: same
        - type: batch_norm
        - type: activation
          activation: relu
        - type: max_pooling1d
          pool_size: 2
        - type: dropout
          rate: 0.2
        - type: global_max_pooling1d
        - type: dense
          units: 32
          activation: relu
        - type: dropout
          rate: 0.3
        - type: dense
          units: 3
          activation: softmax
        training_and_compiling:
          epochs: 10
          batch_size: 32
          learning_rate: 0.0005
          weight_decay: 0.0001
          loss: sparse_categorical_crossentropy
          metrics:
          - accuracy
    outs:
    - path: models/multi_model.keras
      hash: md5
      md5: 77f6cc8b294f5e164751dda36729e268
      size: 265948
    - path: results/multiclass/mc_metrics.json
      hash: md5
      md5: 6cce3f986772e06eab04cdd14e48a0da
      size: 174
    - path: results/multiclass/mc_training_history.json
      hash: md5
      md5: 9f82ba86cbb81fa4535ece5fd5b2c07b
      size: 1037
  evaluate_mc_cnn:
    cmd: python scripts/multiclass/mc_cnn_model_evaluation.py
    deps:
    - path: data/multi_model/test.npz
      hash: md5
      md5: b858afecbec2d61aaf0c4d5bf63a62c4
      size: 44754627
    - path: models/multi_model.keras
      hash: md5
      md5: 77f6cc8b294f5e164751dda36729e268
      size: 265948
    - path: results/multiclass/mc_training_history.json
      hash: md5
      md5: 9f82ba86cbb81fa4535ece5fd5b2c07b
      size: 1037
    - path: scripts/multiclass/mc_cnn_model_evaluation.py
      hash: md5
      md5: cf69ed1d9110f9ae2fea22b72da0b28c
      size: 8712
    params:
      configs/mc_evaluation_params.yaml:
        threshold: 0.5
    outs:
    - path: results/multiclass/evaluation.json
      hash: md5
      md5: 4be954724a300240cc8246d4d13407d7
      size: 131
    - path: 
        results/multiclass/misclassified_results/misclassified_lightcurves.npz
      hash: md5
      md5: cc17a09b7c0116fd502bec0b4694cb5e
      size: 11045188
    - path: results/multiclass/plots/confidence_correct_vs_incorrect.png
      hash: md5
      md5: 802a4f3e960aac5b7be950cf7d18672b
      size: 54821
    - path: results/multiclass/plots/confidence_histogram.png
      hash: md5
      md5: 11d5905ed1090fb86353e30aac5c9170
      size: 41405
    - path: results/multiclass/plots/confusion_matrix.png
      hash: md5
      md5: f6592b99ee72aaa01783998edd04f41f
      size: 106788
    - path: results/multiclass/plots/training_accuracy_history.png
      hash: md5
      md5: 248677110dadf447b21438fb187bc7e8
      size: 33691
    - path: results/multiclass/plots/training_loss_history.png
      hash: md5
      md5: 89ff921ac4510094a6cbb12872868424
      size: 29264
  organize_bi_data:
    cmd: python scripts/binary/organize_bi_data.py
    deps:
    - path: data/processed/eb_data
      hash: md5
      md5: bf5ee4bb1e24d8c8f0559de357d581f5.dir
      size: 886507374
      nfiles: 16
    - path: data/processed/exo_data
      hash: md5
      md5: e145ef51ecab326bb95c998febbb0363.dir
      size: 712066385
      nfiles: 10
    - path: scripts/binary/organize_bi_data.py
      hash: md5
      md5: a1077ad92ee9c13d0f96c8b7ce9e67aa
      size: 7513
    - path: scripts/helpers/temp_help_name.py
      hash: md5
      md5: 4c081fec1a08d518c9c68882a7c4d7b2
      size: 3989
    - path: scripts/helpers/yaml_reading.py
      hash: md5
      md5: 51ca3f50ea74abfc26eda804de6a5624
      size: 319
    params:
      configs/data_process_params.yaml:
        organize_seed: 42
        organize_train_ratio: 0.8
        organize_val_test_ratio: 0.1
    outs:
    - path: data/binary_model/test.npz
      hash: md5
      md5: 1aff2fcd6b197f0e30454a2c4bc54d36
      size: 25780704
    - path: data/binary_model/train.npz
      hash: md5
      md5: c8e395d12dc4160017df02a9b3fcd5fa
      size: 194243197
    - path: data/binary_model/val.npz
      hash: md5
      md5: c10a1559b23d679a7f52027cbbb01256
      size: 23406885
  train_bi_cnn:
    cmd: python scripts/binary/train_bi_cnn.py
    deps:
    - path: data/binary_model/train.npz
      hash: md5
      md5: c8e395d12dc4160017df02a9b3fcd5fa
      size: 194243197
    - path: data/binary_model/val.npz
      hash: md5
      md5: c10a1559b23d679a7f52027cbbb01256
      size: 23406885
    - path: scripts/binary/train_bi_cnn.py
      hash: md5
      md5: 489011f127f1627cd0bf2891610a7ba1
      size: 5060
    params:
      configs/bi_cnn_params.yaml:
        cnn_layers:
        - type: conv1d
          channels: 32
          kernel_size: 11
          padding: same
        - type: batch_norm
        - type: activation
          activation: relu
        - type: max_pooling1d
          pool_size: 2
        - type: dropout
          rate: 0.15
        - type: conv1d
          channels: 64
          kernel_size: 7
          padding: same
        - type: batch_norm
        - type: activation
          activation: relu
        - type: max_pooling1d
          pool_size: 2
        - type: dropout
          rate: 0.15
        - type: conv1d
          channels: 128
          kernel_size: 11
          padding: same
        - type: batch_norm
        - type: activation
          activation: relu
        - type: max_pooling1d
          pool_size: 2
        - type: dropout
          rate: 0.2
        - type: global_avg_pooling1d
        - type: dense
          units: 128
          activation: relu
        - type: dropout
          rate: 0.3
        - type: dense
          units: 64
          activation: relu
        - type: dropout
          rate: 0.3
        - type: dense
          units: 16
          activation: relu
        - type: dense
          units: 1
          activation: sigmoid
        training_and_compiling:
          epochs: 20
          batch_size: 64
          learning_rate: 0.001
          weight_decay: 0.0001
          loss: binary_crossentropy
          metrics:
          - accuracy
    outs:
    - path: models/binary_model.keras
      hash: md5
      md5: 76628f71a66dfb9d6f755644b4e7d0cb
      size: 1668818
    - path: results/binary/bi_metrics.json
      hash: md5
      md5: 44e27bfb4ba9c27b3857f8d6860a8322
      size: 176
    - path: results/binary/bi_training_history.json
      hash: md5
      md5: b19dee127ed60eefbb0ec0605a33b23c
      size: 1532
  evaluate_bi_cnn:
    cmd: python scripts/binary/bi_cnn_model_evaluation.py
    deps:
    - path: data/binary_model/test.npz
      hash: md5
      md5: 1aff2fcd6b197f0e30454a2c4bc54d36
      size: 25780704
    - path: models/binary_model.keras
      hash: md5
      md5: 76628f71a66dfb9d6f755644b4e7d0cb
      size: 1668818
    - path: results/binary/bi_training_history.json
      hash: md5
      md5: b19dee127ed60eefbb0ec0605a33b23c
      size: 1532
    - path: scripts/binary/bi_cnn_model_evaluation.py
      hash: md5
      md5: d49a8625f5ba7761e4e90b9d28cb9cda
      size: 10916
    params:
      configs/bi_evaluation_params.yaml:
        threshold: 0.5
    outs:
    - path: results/binary/evaluation.json
      hash: md5
      md5: f70e5a107b0eda7710a118b195915bf0
      size: 164
    - path: results/binary/misclassified_results/misclassified_lightcurves.npz
      hash: md5
      md5: 120fe6f944769dca741e905fb49d193b
      size: 3655682
    - path: results/binary/plots/confidence_correct_vs_incorrect.png
      hash: md5
      md5: 42f9aa8bdafce2bfb054f83f1fe41536
      size: 53840
    - path: results/binary/plots/confidence_histogram.png
      hash: md5
      md5: 00be31c39ae6643fc98acd370f92cfb3
      size: 44662
    - path: results/binary/plots/confusion_matrix.png
      hash: md5
      md5: c80ce1e623de34d8f80d8c577039e010
      size: 80690
    - path: results/binary/plots/training_accuracy_history.png
      hash: md5
      md5: 4a88deff7d85a3f440bc0062f96f8e4e
      size: 36223
    - path: results/binary/plots/training_loss_history.png
      hash: md5
      md5: 806cecddbccf6145edfe68623bbaf1a3
      size: 30200
  analyze_bi_misclassified:
    cmd: python scripts/binary/analyze_bi_misclassified.py
    deps:
    - path: results/binary/misclassified_results/misclassified_lightcurves.npz
      hash: md5
      md5: 5e94d904ba992571a61503cdd9cd34a3
      size: 7373307
    - path: scripts/binary/analyze_bi_misclassified.py
      hash: md5
      md5: 6c74a7ee798f8c6f8b0225fe4a6f99ec
      size: 7852
    - path: scripts/helpers/misclassified_helper.py
      hash: md5
      md5: 3da39d4d0aa70c3d3173c0a2d5343019
      size: 5268
    - path: scripts/helpers/yaml_reading.py
      hash: md5
      md5: 51ca3f50ea74abfc26eda804de6a5624
      size: 319
    params:
      configs/bi_evaluation_params.yaml:
        plots_info:
        - name: KOI Model SNR
          col: koi_model_snr
          log: true
        - name: Calculated SNR
          col: calculated_SNR
          log: true
        - name: Orbital Period
          col: koi_period
          log: true
        - name: Transit Depth
          col: transit_depth
          log: false
    outs:
    - path: results/binary/misclassified_results/fn_distribution_stats.json
      hash: md5
      md5: 201bb5efa3fa7c70cec454005b97318f
      size: 3869
    - path: results/binary/misclassified_results/fp_distribution_stats.json
      hash: md5
      md5: d5f92602c23f6618236f59b36696be2b
      size: 3835
    - path: results/binary/misclassified_results/misclassified_plots
      hash: md5
      md5: 9388d7531820ad3f75195899c2170b78.dir
      size: 646709
      nfiles: 18
  train_bi_random_forest:
    cmd: python scripts/binary/train_bi_random_forest.py
    deps:
    - path: data/binary_model/test.npz
      hash: md5
      md5: c90942854b9e8f650c6b581eb34d34cc
      size: 49235965
    - path: data/binary_model/train.npz
      hash: md5
      md5: 4c13e58516cd1e76cd60d9afa4e46cfc
      size: 182587132
    - path: data/binary_model/val.npz
      hash: md5
      md5: 78c465b09915aafd8b291738f9d29061
      size: 11604711
    - path: data/raw/Kepler_Confirmed_EB.csv
      hash: md5
      md5: e20bbc12b069d548fe929c618dd4e1b4
      size: 86336
    - path: data/raw/Kepler_Confirmed_ExoPlanets.csv
      hash: md5
      md5: 8e783079e475d81bcb24afb081f0ed1f
      size: 87191
    - path: scripts/binary/train_bi_random_forest.py
      hash: md5
      md5: a164cc242911520853a1d38f9d919717
      size: 6202
    params:
      configs/bi_randf_params.yaml:
        class_weight: balanced
        n_estimators: 300
        seed: 42
    outs:
    - path: models/binary_random_forest.pkl
      hash: md5
      md5: 6f448dd1b940862c08d4dc13d832b3c8
      size: 65081581
    - path: results/binary/random_forest/confusion_matrix.png
      hash: md5
      md5: 16f5f31cf35981638ec4d5d17ed99086
      size: 85218
    - path: results/binary/random_forest/feature_importance.png
      hash: md5
      md5: 00cf392cbedfb3bfb929d9f1aa98a05b
      size: 55378
    - path: results/binary/random_forest/metrics.json
      hash: md5
      md5: 086ea27ff6c8ba074da7b1e762aabe8b
      size: 164
  train_mc_random_forest:
    cmd: python scripts/multiclass/train_mc_random_forest.py
    deps:
    - path: data/multi_model/test.npz
      hash: md5
      md5: b858afecbec2d61aaf0c4d5bf63a62c4
      size: 44754627
    - path: data/multi_model/train.npz
      hash: md5
      md5: 6ae0bdce1749002bcec2b39739b0c7e7
      size: 168757328
    - path: data/multi_model/val.npz
      hash: md5
      md5: 00de1f236f9c46523fce35156d454a89
      size: 11371333
    - path: scripts/multiclass/train_mc_random_forest.py
      hash: md5
      md5: 9a76f992718ad3b6936259cff1f99d11
      size: 6160
    params:
      configs/mc_randf_params.yaml:
        class_weight: balanced
        n_estimators: 300
        seed: 42
    outs:
    - path: models/multiclass_random_forest.pkl
      hash: md5
      md5: bd58633a42a696a217e1a644f7408862
      size: 80195137
    - path: results/multiclass/random_forest/confusion_matrix.png
      hash: md5
      md5: dcbce9d686a0968f7a6fb84baa9668c7
      size: 110329
    - path: results/multiclass/random_forest/feature_importance.png
      hash: md5
      md5: c2ca26d8aa5e90a3d84ae81264db3ebc
      size: 53510
    - path: results/multiclass/random_forest/metrics.json
      hash: md5
      md5: 7c34035408375d0bc7a040fdc678d23a
      size: 312
  bi_confidence_group_analysis:
    cmd: python scripts/binary/bi_confidence_group_analysis.py
    deps:
    - path: data/binary_model/test.npz
      hash: md5
      md5: c90942854b9e8f650c6b581eb34d34cc
      size: 49235965
    - path: data/raw/Kepler_Confirmed_EB.csv
      hash: md5
      md5: e20bbc12b069d548fe929c618dd4e1b4
      size: 86336
    - path: data/raw/Kepler_Confirmed_ExoPlanets.csv
      hash: md5
      md5: 8e783079e475d81bcb24afb081f0ed1f
      size: 87191
    - path: models/binary_model.keras
      hash: md5
      md5: 74464b23ba2f50407ddb0f9a26a8e35e
      size: 806033
    - path: scripts/binary/bi_confidence_group_analysis.py
      hash: md5
      md5: 9e96bd5d17347408b7dea984b5c62828
      size: 11462
    - path: scripts/helpers/yaml_reading.py
      hash: md5
      md5: 51ca3f50ea74abfc26eda804de6a5624
      size: 319
    params:
      configs/bi_evaluation_params.yaml:
        plots_info:
        - name: KOI Model SNR
          col: koi_model_snr
          log: true
        - name: Calculated SNR
          col: calculated_SNR
          log: true
        - name: Orbital Period
          col: koi_period
          log: true
        - name: Transit Depth
          col: transit_depth
          log: false
        threshold: 0.5
    outs:
    - path: results/binary/confidence_group_analysis
      hash: md5
      md5: 5f6ce5f6866cb82ee827e76ed6269b55.dir
      size: 1617310
      nfiles: 12
