schema: '2.0'
stages:
  prepare_kepler_eb_data:
    cmd: python scripts/real/prepare_kepler_eb_data.py
    deps:
    - path: data/raw/Kepler_Confirmed_EB.csv
      hash: md5
      md5: 7ee871427cee756438a72a12e2063ff0
      size: 475814
    - path: scripts/real/prepare_kepler_eb_data.py
      hash: md5
      md5: 5bf3e8fb749176cf64d3dcfea022fdd7
      size: 2572
    params:
      configs/data_process_params.yaml:
        eb_input_file: 
          /Users/aaryanthusoo/Desktop/UCL/CNN_Exoplanets/data/raw/Kepler_Confirmed_EB.csv
        eb_output_folder: 
          /Users/aaryanthusoo/Desktop/UCL/CNN_Exoplanets/data/processed/eb_data
        eb_skipped_rows: 0
    outs:
    - path: data/processed/eb_data
      hash: md5
      md5: 4cde5e4b1eedf66e361eeb3c71975a32.dir
      size: 886363215
      nfiles: 16
  prepare_kepler_exo_data:
    cmd: python scripts/real/prepare_kepler_exo_data.py
    deps:
    - path: data/raw/Kepler_Confirmed_ExoPlanets.csv
      hash: md5
      md5: 76e67b879ec5f85f7dc85056bced65a0
      size: 69656
    - path: scripts/real/prepare_kepler_exo_data.py
      hash: md5
      md5: 5af3fc4915e76cea347db0495861d13e
      size: 2316
    params:
      configs/data_process_params.yaml:
        exo_input_file: 
          /Users/aaryanthusoo/Desktop/UCL/CNN_Exoplanets/data/raw/Kepler_Confirmed_ExoPlanets.csv
        exo_output_folder: 
          /Users/aaryanthusoo/Desktop/UCL/CNN_Exoplanets/data/processed/exo_data
        exo_skipped_rows: 11
    outs:
    - path: data/processed/exo_data
      hash: md5
      md5: c3f501011cb9d63b585edc6e46647ef9.dir
      size: 850500918
      nfiles: 11
  organize_data:
    cmd: python scripts/real/organize_data.py
    deps:
    - path: data/processed/eb_data
      hash: md5
      md5: 4cde5e4b1eedf66e361eeb3c71975a32.dir
      size: 886363215
      nfiles: 16
    - path: data/processed/exo_data
      hash: md5
      md5: c3f501011cb9d63b585edc6e46647ef9.dir
      size: 850500918
      nfiles: 11
    - path: scripts/real/organize_data.py
      hash: md5
      md5: 2969d198f390a420076c04879c43e68d
      size: 5407
    params:
      configs/data_process_params.yaml:
        organize_seed: 42
        organize_train_ratio: 0.8
        organize_val_test_ratio: 0.1
    outs:
    - path: data/real_model/test.npz
      hash: md5
      md5: 234c66d77b1c28f4671da4cad58a06ff
      size: 28583023
    - path: data/real_model/train.npz
      hash: md5
      md5: b7921c608413edfcdcce32fabee4afa6
      size: 232779993
    - path: data/real_model/val.npz
      hash: md5
      md5: 9d8d430852024ffb191503aa321e08cb
      size: 27916492
  train_real_cnn:
    cmd: python scripts/real/train_real_cnn.py
    deps:
    - path: data/real_model/train.npz
      hash: md5
      md5: b7921c608413edfcdcce32fabee4afa6
      size: 232779993
    - path: data/real_model/val.npz
      hash: md5
      md5: 9d8d430852024ffb191503aa321e08cb
      size: 27916492
    - path: scripts/real/train_real_cnn.py
      hash: md5
      md5: 6326b35c35a07f3333f3933535475203
      size: 4248
    params:
      configs/real_cnn_params.yaml:
        cnn_layers:
        - type: conv1d
          channels: 32
          kernel_size: 11
          padding: same
          activation: relu
        - type: max_pooling1d
          pool_size: 2
        - type: dropout
          rate: 0.2
        - type: conv1d
          channels: 64
          kernel_size: 11
          padding: same
          activation: relu
        - type: max_pooling1d
          pool_size: 2
        - type: dropout
          rate: 0.2
        - type: global_max_pooling1d
        - type: dense
          units: 32
          activation: relu
        - type: dropout
          rate: 0.3
        - type: dense
          units: 1
          activation: sigmoid
        training_and_compiling:
          epochs: 15
          batch_size: 32
          learning_rate: 0.0005
          weight_decay: 0.0001
          loss: binary_crossentropy
          metrics:
          - accuracy
    outs:
    - path: models/real_model.keras
      hash: md5
      md5: 94b07b871157ba6b9c16bdce59330196
      size: 345230
    - path: results/real_metrics.json
      hash: md5
      md5: c668116faa9543fefe7e4c2b78c6107d
      size: 171
    - path: results/training_history.json
      hash: md5
      md5: 57e5e4ba54e9b31c21b6907937d082cd
      size: 1522
  evaluate_real_cnn:
    cmd: python scripts/real/real_cnn_model_evaluation.py
    deps:
    - path: data/real_model/test.npz
      hash: md5
      md5: 234c66d77b1c28f4671da4cad58a06ff
      size: 28583023
    - path: models/real_model.keras
      hash: md5
      md5: 94b07b871157ba6b9c16bdce59330196
      size: 345230
    - path: scripts/real/real_cnn_model_evaluation.py
      hash: md5
      md5: 11e4173ae422245f5ed7b741c69f5e12
      size: 6519
    params:
      configs/evaluation_params.yaml:
        threshold: 0.4
    outs:
    - path: results/evaluation.json
      hash: md5
      md5: ebddcfcc43a0ad3662d9cf8d5c32ed0a
      size: 162
    - path: results/plots/confusion_matrix.png
      hash: md5
      md5: 952b68a20cff165f1f1946085f9c85dc
      size: 22204
    - path: results/plots/training_accuracy_history.png
      hash: md5
      md5: da8fc3099330cf35906b3bf94393f1c1
      size: 32926
    - path: results/plots/training_loss_history.png
      hash: md5
      md5: 22a4120c654f244bcdef03656a2fabdb
      size: 33408
